// !$*UTF8*$!
{
	archiveVersion = 1;
	classes = {
	};
	objectVersion = 56;
	objects = {

/* Begin PBXBuildFile section */
		2F8BE6B5298A50FF00FB6222 /* AppDelegate.swift in Sources */ = {isa = PBXBuildFile; fileRef = 2F8BE6B4298A50FF00FB6222 /* AppDelegate.swift */; };
		2F8BE6B7298A50FF00FB6222 /* SceneDelegate.swift in Sources */ = {isa = PBXBuildFile; fileRef = 2F8BE6B6298A50FF00FB6222 /* SceneDelegate.swift */; };
		2F8BE6B9298A50FF00FB6222 /* MainViewController.swift in Sources */ = {isa = PBXBuildFile; fileRef = 2F8BE6B8298A50FF00FB6222 /* MainViewController.swift */; };
		2F8BE6BE298A510000FB6222 /* Assets.xcassets in Resources */ = {isa = PBXBuildFile; fileRef = 2F8BE6BD298A510000FB6222 /* Assets.xcassets */; };
		2F8BE6C1298A510000FB6222 /* LaunchScreen.storyboard in Resources */ = {isa = PBXBuildFile; fileRef = 2F8BE6BF298A510000FB6222 /* LaunchScreen.storyboard */; };
		2F8BE6C9298A517E00FB6222 /* AppCoordinator.swift in Sources */ = {isa = PBXBuildFile; fileRef = 2F8BE6C8298A517E00FB6222 /* AppCoordinator.swift */; };
		2F8BE6CB298A51AC00FB6222 /* MainViewModel.swift in Sources */ = {isa = PBXBuildFile; fileRef = 2F8BE6CA298A51AC00FB6222 /* MainViewModel.swift */; };
		2F8BE6CD298A51CC00FB6222 /* MainView.swift in Sources */ = {isa = PBXBuildFile; fileRef = 2F8BE6CC298A51CC00FB6222 /* MainView.swift */; };
		2F8BE6D2298A534A00FB6222 /* NewsTableView.swift in Sources */ = {isa = PBXBuildFile; fileRef = 2F8BE6D1298A534A00FB6222 /* NewsTableView.swift */; };
		2F8BE6D5298A550600FB6222 /* NewsTableViewCell.swift in Sources */ = {isa = PBXBuildFile; fileRef = 2F8BE6D4298A550600FB6222 /* NewsTableViewCell.swift */; };
		2F8BE6DD298A5AF500FB6222 /* NetworkingError.swift in Sources */ = {isa = PBXBuildFile; fileRef = 2F8BE6D7298A5AF500FB6222 /* NetworkingError.swift */; };
		2F8BE6DE298A5AF500FB6222 /* HTTPMethod.swift in Sources */ = {isa = PBXBuildFile; fileRef = 2F8BE6D8298A5AF500FB6222 /* HTTPMethod.swift */; };
		2F8BE6DF298A5AF500FB6222 /* HTTPScheme.swift in Sources */ = {isa = PBXBuildFile; fileRef = 2F8BE6D9298A5AF500FB6222 /* HTTPScheme.swift */; };
		2F8BE6E0298A5AF500FB6222 /* NetworkingManager.swift in Sources */ = {isa = PBXBuildFile; fileRef = 2F8BE6DA298A5AF500FB6222 /* NetworkingManager.swift */; };
		2F8BE6E1298A5AF500FB6222 /* API.swift in Sources */ = {isa = PBXBuildFile; fileRef = 2F8BE6DB298A5AF500FB6222 /* API.swift */; };
		2F8BE6E2298A5AF500FB6222 /* NewsAPI.swift in Sources */ = {isa = PBXBuildFile; fileRef = 2F8BE6DC298A5AF500FB6222 /* NewsAPI.swift */; };
		2F8BE6E4298A5C3600FB6222 /* NewsModel.swift in Sources */ = {isa = PBXBuildFile; fileRef = 2F8BE6E3298A5C3600FB6222 /* NewsModel.swift */; };
		2F8BE6E8298AB06800FB6222 /* String+Extension.swift in Sources */ = {isa = PBXBuildFile; fileRef = 2F8BE6E7298AB06800FB6222 /* String+Extension.swift */; };
		2F8BE6EA298AB08300FB6222 /* UIImageView+Extension.swift in Sources */ = {isa = PBXBuildFile; fileRef = 2F8BE6E9298AB08300FB6222 /* UIImageView+Extension.swift */; };
		2F8BE6ED298BA94D00FB6222 /* NewsViewModel.swift in Sources */ = {isa = PBXBuildFile; fileRef = 2F8BE6EC298BA94D00FB6222 /* NewsViewModel.swift */; };
		2F8BE6EF298BA96300FB6222 /* NewsViewController.swift in Sources */ = {isa = PBXBuildFile; fileRef = 2F8BE6EE298BA96300FB6222 /* NewsViewController.swift */; };
		2F8BE6F1298BA97100FB6222 /* NewsView.swift in Sources */ = {isa = PBXBuildFile; fileRef = 2F8BE6F0298BA97100FB6222 /* NewsView.swift */; };
		2F8BE6F3298C1EFD00FB6222 /* ContentNewsView.swift in Sources */ = {isa = PBXBuildFile; fileRef = 2F8BE6F2298C1EFD00FB6222 /* ContentNewsView.swift */; };
/* End PBXBuildFile section */

/* Begin PBXFileReference section */
		2F8BE6B1298A50FF00FB6222 /* testLumos.app */ = {isa = PBXFileReference; explicitFileType = wrapper.application; includeInIndex = 0; path = testLumos.app; sourceTree = BUILT_PRODUCTS_DIR; };
		2F8BE6B4298A50FF00FB6222 /* AppDelegate.swift */ = {isa = PBXFileReference; lastKnownFileType = sourcecode.swift; path = AppDelegate.swift; sourceTree = "<group>"; };
		2F8BE6B6298A50FF00FB6222 /* SceneDelegate.swift */ = {isa = PBXFileReference; lastKnownFileType = sourcecode.swift; path = SceneDelegate.swift; sourceTree = "<group>"; };
		2F8BE6B8298A50FF00FB6222 /* MainViewController.swift */ = {isa = PBXFileReference; lastKnownFileType = sourcecode.swift; path = MainViewController.swift; sourceTree = "<group>"; };
		2F8BE6BD298A510000FB6222 /* Assets.xcassets */ = {isa = PBXFileReference; lastKnownFileType = folder.assetcatalog; path = Assets.xcassets; sourceTree = "<group>"; };
		2F8BE6C0298A510000FB6222 /* Base */ = {isa = PBXFileReference; lastKnownFileType = file.storyboard; name = Base; path = Base.lproj/LaunchScreen.storyboard; sourceTree = "<group>"; };
		2F8BE6C2298A510000FB6222 /* Info.plist */ = {isa = PBXFileReference; lastKnownFileType = text.plist.xml; path = Info.plist; sourceTree = "<group>"; };
		2F8BE6C8298A517E00FB6222 /* AppCoordinator.swift */ = {isa = PBXFileReference; lastKnownFileType = sourcecode.swift; path = AppCoordinator.swift; sourceTree = "<group>"; };
		2F8BE6CA298A51AC00FB6222 /* MainViewModel.swift */ = {isa = PBXFileReference; lastKnownFileType = sourcecode.swift; path = MainViewModel.swift; sourceTree = "<group>"; };
		2F8BE6CC298A51CC00FB6222 /* MainView.swift */ = {isa = PBXFileReference; lastKnownFileType = sourcecode.swift; path = MainView.swift; sourceTree = "<group>"; };
		2F8BE6D1298A534A00FB6222 /* NewsTableView.swift */ = {isa = PBXFileReference; lastKnownFileType = sourcecode.swift; path = NewsTableView.swift; sourceTree = "<group>"; };
		2F8BE6D4298A550600FB6222 /* NewsTableViewCell.swift */ = {isa = PBXFileReference; lastKnownFileType = sourcecode.swift; path = NewsTableViewCell.swift; sourceTree = "<group>"; };
		2F8BE6D7298A5AF500FB6222 /* NetworkingError.swift */ = {isa = PBXFileReference; fileEncoding = 4; lastKnownFileType = sourcecode.swift; path = NetworkingError.swift; sourceTree = "<group>"; };
		2F8BE6D8298A5AF500FB6222 /* HTTPMethod.swift */ = {isa = PBXFileReference; fileEncoding = 4; lastKnownFileType = sourcecode.swift; path = HTTPMethod.swift; sourceTree = "<group>"; };
		2F8BE6D9298A5AF500FB6222 /* HTTPScheme.swift */ = {isa = PBXFileReference; fileEncoding = 4; lastKnownFileType = sourcecode.swift; path = HTTPScheme.swift; sourceTree = "<group>"; };
		2F8BE6DA298A5AF500FB6222 /* NetworkingManager.swift */ = {isa = PBXFileReference; fileEncoding = 4; lastKnownFileType = sourcecode.swift; path = NetworkingManager.swift; sourceTree = "<group>"; };
		2F8BE6DB298A5AF500FB6222 /* API.swift */ = {isa = PBXFileReference; fileEncoding = 4; lastKnownFileType = sourcecode.swift; path = API.swift; sourceTree = "<group>"; };
		2F8BE6DC298A5AF500FB6222 /* NewsAPI.swift */ = {isa = PBXFileReference; fileEncoding = 4; lastKnownFileType = sourcecode.swift; path = NewsAPI.swift; sourceTree = "<group>"; };
		2F8BE6E3298A5C3600FB6222 /* NewsModel.swift */ = {isa = PBXFileReference; lastKnownFileType = sourcecode.swift; path = NewsModel.swift; sourceTree = "<group>"; };
		2F8BE6E7298AB06800FB6222 /* String+Extension.swift */ = {isa = PBXFileReference; lastKnownFileType = sourcecode.swift; path = "String+Extension.swift"; sourceTree = "<group>"; };
		2F8BE6E9298AB08300FB6222 /* UIImageView+Extension.swift */ = {isa = PBXFileReference; lastKnownFileType = sourcecode.swift; path = "UIImageView+Extension.swift"; sourceTree = "<group>"; };
		2F8BE6EC298BA94D00FB6222 /* NewsViewModel.swift */ = {isa = PBXFileReference; lastKnownFileType = sourcecode.swift; path = NewsViewModel.swift; sourceTree = "<group>"; };
		2F8BE6EE298BA96300FB6222 /* NewsViewController.swift */ = {isa = PBXFileReference; lastKnownFileType = sourcecode.swift; path = NewsViewController.swift; sourceTree = "<group>"; };
		2F8BE6F0298BA97100FB6222 /* NewsView.swift */ = {isa = PBXFileReference; lastKnownFileType = sourcecode.swift; path = NewsView.swift; sourceTree = "<group>"; };
		2F8BE6F2298C1EFD00FB6222 /* ContentNewsView.swift */ = {isa = PBXFileReference; lastKnownFileType = sourcecode.swift; path = ContentNewsView.swift; sourceTree = "<group>"; };
/* End PBXFileReference section */

/* Begin PBXFrameworksBuildPhase section */
		2F8BE6AE298A50FF00FB6222 /* Frameworks */ = {
			isa = PBXFrameworksBuildPhase;
			buildActionMask = 2147483647;
			files = (
			);
			runOnlyForDeploymentPostprocessing = 0;
		};
/* End PBXFrameworksBuildPhase section */

/* Begin PBXGroup section */
		2F8BE6A8298A50FF00FB6222 = {
			isa = PBXGroup;
			children = (
				2F8BE6B3298A50FF00FB6222 /* testLumos */,
				2F8BE6B2298A50FF00FB6222 /* Products */,
			);
			sourceTree = "<group>";
		};
		2F8BE6B2298A50FF00FB6222 /* Products */ = {
			isa = PBXGroup;
			children = (
				2F8BE6B1298A50FF00FB6222 /* testLumos.app */,
			);
			name = Products;
			sourceTree = "<group>";
		};
		2F8BE6B3298A50FF00FB6222 /* testLumos */ = {
			isa = PBXGroup;
			children = (
				2F8BE6B4298A50FF00FB6222 /* AppDelegate.swift */,
				2F8BE6B6298A50FF00FB6222 /* SceneDelegate.swift */,
				2F8BE6D0298A532C00FB6222 /* ViewModel */,
				2F8BE6CF298A532000FB6222 /* ViewController */,
				2F8BE6CE298A531900FB6222 /* UI */,
				2F8BE6D6298A5AF500FB6222 /* networkManager */,
				2F8BE6E6298A6C2D00FB6222 /* Model */,
				2F8BE6EB298AB58200FB6222 /* Extension */,
				2F8BE6C8298A517E00FB6222 /* AppCoordinator.swift */,
				2F8BE6BD298A510000FB6222 /* Assets.xcassets */,
				2F8BE6BF298A510000FB6222 /* LaunchScreen.storyboard */,
				2F8BE6C2298A510000FB6222 /* Info.plist */,
			);
			path = testLumos;
			sourceTree = "<group>";
		};
		2F8BE6CE298A531900FB6222 /* UI */ = {
			isa = PBXGroup;
			children = (
				2F8BE6CC298A51CC00FB6222 /* MainView.swift */,
				2F8BE6F0298BA97100FB6222 /* NewsView.swift */,
				2F8BE6D3298A535100FB6222 /* CustomView */,
				2F8BE6E5298A6A3100FB6222 /* CustomCell */,
			);
			path = UI;
			sourceTree = "<group>";
		};
		2F8BE6CF298A532000FB6222 /* ViewController */ = {
			isa = PBXGroup;
			children = (
				2F8BE6B8298A50FF00FB6222 /* MainViewController.swift */,
				2F8BE6EE298BA96300FB6222 /* NewsViewController.swift */,
			);
			path = ViewController;
			sourceTree = "<group>";
		};
		2F8BE6D0298A532C00FB6222 /* ViewModel */ = {
			isa = PBXGroup;
			children = (
				2F8BE6CA298A51AC00FB6222 /* MainViewModel.swift */,
				2F8BE6EC298BA94D00FB6222 /* NewsViewModel.swift */,
			);
			path = ViewModel;
			sourceTree = "<group>";
		};
		2F8BE6D3298A535100FB6222 /* CustomView */ = {
			isa = PBXGroup;
			children = (
				2F8BE6D1298A534A00FB6222 /* NewsTableView.swift */,
				2F8BE6F2298C1EFD00FB6222 /* ContentNewsView.swift */,
			);
			path = CustomView;
			sourceTree = "<group>";
		};
		2F8BE6D6298A5AF500FB6222 /* networkManager */ = {
			isa = PBXGroup;
			children = (
				2F8BE6D7298A5AF500FB6222 /* NetworkingError.swift */,
				2F8BE6D8298A5AF500FB6222 /* HTTPMethod.swift */,
				2F8BE6D9298A5AF500FB6222 /* HTTPScheme.swift */,
				2F8BE6DA298A5AF500FB6222 /* NetworkingManager.swift */,
				2F8BE6DB298A5AF500FB6222 /* API.swift */,
				2F8BE6DC298A5AF500FB6222 /* NewsAPI.swift */,
			);
			path = networkManager;
			sourceTree = "<group>";
		};
		2F8BE6E5298A6A3100FB6222 /* CustomCell */ = {
			isa = PBXGroup;
			children = (
				2F8BE6D4298A550600FB6222 /* NewsTableViewCell.swift */,
			);
			path = CustomCell;
			sourceTree = "<group>";
		};
		2F8BE6E6298A6C2D00FB6222 /* Model */ = {
			isa = PBXGroup;
			children = (
				2F8BE6E3298A5C3600FB6222 /* NewsModel.swift */,
			);
			path = Model;
			sourceTree = "<group>";
		};
		2F8BE6EB298AB58200FB6222 /* Extension */ = {
			isa = PBXGroup;
			children = (
				2F8BE6E7298AB06800FB6222 /* String+Extension.swift */,
				2F8BE6E9298AB08300FB6222 /* UIImageView+Extension.swift */,
			);
			path = Extension;
			sourceTree = "<group>";
		};
/* End PBXGroup section */

/* Begin PBXNativeTarget section */
		2F8BE6B0298A50FF00FB6222 /* testLumos */ = {
			isa = PBXNativeTarget;
			buildConfigurationList = 2F8BE6C5298A510000FB6222 /* Build configuration list for PBXNativeTarget "testLumos" */;
			buildPhases = (
				2F8BE6AD298A50FF00FB6222 /* Sources */,
				2F8BE6AE298A50FF00FB6222 /* Frameworks */,
				2F8BE6AF298A50FF00FB6222 /* Resources */,
			);
			buildRules = (
			);
			dependencies = (
			);
			name = testLumos;
			productName = testLumos;
			productReference = 2F8BE6B1298A50FF00FB6222 /* testLumos.app */;
			productType = "com.apple.product-type.application";
		};
/* End PBXNativeTarget section */

/* Begin PBXProject section */
		2F8BE6A9298A50FF00FB6222 /* Project object */ = {
			isa = PBXProject;
			attributes = {
				BuildIndependentTargetsInParallel = 1;
				LastSwiftUpdateCheck = 1410;
				LastUpgradeCheck = 1410;
				TargetAttributes = {
					2F8BE6B0298A50FF00FB6222 = {
						CreatedOnToolsVersion = 14.1;
					};
				};
			};
			buildConfigurationList = 2F8BE6AC298A50FF00FB6222 /* Build configuration list for PBXProject "testLumos" */;
			compatibilityVersion = "Xcode 14.0";
			developmentRegion = en;
			hasScannedForEncodings = 0;
			knownRegions = (
				en,
				Base,
			);
			mainGroup = 2F8BE6A8298A50FF00FB6222;
			productRefGroup = 2F8BE6B2298A50FF00FB6222 /* Products */;
			projectDirPath = "";
			projectRoot = "";
			targets = (
				2F8BE6B0298A50FF00FB6222 /* testLumos */,
			);
		};
/* End PBXProject section */

/* Begin PBXResourcesBuildPhase section */
		2F8BE6AF298A50FF00FB6222 /* Resources */ = {
			isa = PBXResourcesBuildPhase;
			buildActionMask = 2147483647;
			files = (
				2F8BE6C1298A510000FB6222 /* LaunchScreen.storyboard in Resources */,
				2F8BE6BE298A510000FB6222 /* Assets.xcassets in Resources */,
			);
			runOnlyForDeploymentPostprocessing = 0;
		};
/* End PBXResourcesBuildPhase section */

/* Begin PBXSourcesBuildPhase section */
		2F8BE6AD298A50FF00FB6222 /* Sources */ = {
			isa = PBXSourcesBuildPhase;
			buildActionMask = 2147483647;
			files = (
				2F8BE6E8298AB06800FB6222 /* String+Extension.swift in Sources */,
				2F8BE6ED298BA94D00FB6222 /* NewsViewModel.swift in Sources */,
				2F8BE6D2298A534A00FB6222 /* NewsTableView.swift in Sources */,
				2F8BE6E2298A5AF500FB6222 /* NewsAPI.swift in Sources */,
				2F8BE6CB298A51AC00FB6222 /* MainViewModel.swift in Sources */,
				2F8BE6DF298A5AF500FB6222 /* HTTPScheme.swift in Sources */,
				2F8BE6D5298A550600FB6222 /* NewsTableViewCell.swift in Sources */,
				2F8BE6EF298BA96300FB6222 /* NewsViewController.swift in Sources */,
				2F8BE6CD298A51CC00FB6222 /* MainView.swift in Sources */,
				2F8BE6F3298C1EFD00FB6222 /* ContentNewsView.swift in Sources */,
				2F8BE6DD298A5AF500FB6222 /* NetworkingError.swift in Sources */,
				2F8BE6C9298A517E00FB6222 /* AppCoordinator.swift in Sources */,
				2F8BE6B9298A50FF00FB6222 /* MainViewController.swift in Sources */,
				2F8BE6E4298A5C3600FB6222 /* NewsModel.swift in Sources */,
				2F8BE6F1298BA97100FB6222 /* NewsView.swift in Sources */,
				2F8BE6E1298A5AF500FB6222 /* API.swift in Sources */,
				2F8BE6B5298A50FF00FB6222 /* AppDelegate.swift in Sources */,
				2F8BE6E0298A5AF500FB6222 /* NetworkingManager.swift in Sources */,
				2F8BE6DE298A5AF500FB6222 /* HTTPMethod.swift in Sources */,
				2F8BE6EA298AB08300FB6222 /* UIImageView+Extension.swift in Sources */,
				2F8BE6B7298A50FF00FB6222 /* SceneDelegate.swift in Sources */,
			);
			runOnlyForDeploymentPostprocessing = 0;
		};
/* End PBXSourcesBuildPhase section */

/* Begin PBXVariantGroup section */
		2F8BE6BF298A510000FB6222 /* LaunchScreen.storyboard */ = {
			isa = PBXVariantGroup;
			children = (
				2F8BE6C0298A510000FB6222 /* Base */,
			);
			name = LaunchScreen.storyboard;
			sourceTree = "<group>";
		};
/* End PBXVariantGroup section */

/* Begin XCBuildConfiguration section */
		2F8BE6C3298A510000FB6222 /* Debug */ = {
			isa = XCBuildConfiguration;
			buildSettings = {
				ALWAYS_SEARCH_USER_PATHS = NO;
				CLANG_ANALYZER_NONNULL = YES;
				CLANG_ANALYZER_NUMBER_OBJECT_CONVERSION = YES_AGGRESSIVE;
				CLANG_CXX_LANGUAGE_STANDARD = "gnu++20";
				CLANG_ENABLE_MODULES = YES;
				CLANG_ENABLE_OBJC_ARC = YES;
				CLANG_ENABLE_OBJC_WEAK = YES;
				CLANG_WARN_BLOCK_CAPTURE_AUTORELEASING = YES;
				CLANG_WARN_BOOL_CONVERSION = YES;
				CLANG_WARN_COMMA = YES;
				CLANG_WARN_CONSTANT_CONVERSION = YES;
				CLANG_WARN_DEPRECATED_OBJC_IMPLEMENTATIONS = YES;
				CLANG_WARN_DIRECT_OBJC_ISA_USAGE = YES_ERROR;
				CLANG_WARN_DOCUMENTATION_COMMENTS = YES;
				CLANG_WARN_EMPTY_BODY = YES;
				CLANG_WARN_ENUM_CONVERSION = YES;
				CLANG_WARN_INFINITE_RECURSION = YES;
				CLANG_WARN_INT_CONVERSION = YES;
				CLANG_WARN_NON_LITERAL_NULL_CONVERSION = YES;
				CLANG_WARN_OBJC_IMPLICIT_RETAIN_SELF = YES;
				CLANG_WARN_OBJC_LITERAL_CONVERSION = YES;
				CLANG_WARN_OBJC_ROOT_CLASS = YES_ERROR;
				CLANG_WARN_QUOTED_INCLUDE_IN_FRAMEWORK_HEADER = YES;
				CLANG_WARN_RANGE_LOOP_ANALYSIS = YES;
				CLANG_WARN_STRICT_PROTOTYPES = YES;
				CLANG_WARN_SUSPICIOUS_MOVE = YES;
				CLANG_WARN_UNGUARDED_AVAILABILITY = YES_AGGRESSIVE;
				CLANG_WARN_UNREACHABLE_CODE = YES;
				CLANG_WARN__DUPLICATE_METHOD_MATCH = YES;
				COPY_PHASE_STRIP = NO;
				DEBUG_INFORMATION_FORMAT = dwarf;
				ENABLE_STRICT_OBJC_MSGSEND = YES;
				ENABLE_TESTABILITY = YES;
				GCC_C_LANGUAGE_STANDARD = gnu11;
				GCC_DYNAMIC_NO_PIC = NO;
				GCC_NO_COMMON_BLOCKS = YES;
				GCC_OPTIMIZATION_LEVEL = 0;
				GCC_PREPROCESSOR_DEFINITIONS = (
					"DEBUG=1",
					"$(inherited)",
				);
				GCC_WARN_64_TO_32_BIT_CONVERSION = YES;
				GCC_WARN_ABOUT_RETURN_TYPE = YES_ERROR;
				GCC_WARN_UNDECLARED_SELECTOR = YES;
				GCC_WARN_UNINITIALIZED_AUTOS = YES_AGGRESSIVE;
				GCC_WARN_UNUSED_FUNCTION = YES;
				GCC_WARN_UNUSED_VARIABLE = YES;
				IPHONEOS_DEPLOYMENT_TARGET = 16.1;
				MTL_ENABLE_DEBUG_INFO = INCLUDE_SOURCE;
				MTL_FAST_MATH = YES;
				ONLY_ACTIVE_ARCH = YES;
				SDKROOT = iphoneos;
				SWIFT_ACTIVE_COMPILATION_CONDITIONS = DEBUG;
				SWIFT_OPTIMIZATION_LEVEL = "-Onone";
			};
			name = Debug;
		};
		2F8BE6C4298A510000FB6222 /* Release */ = {
			isa = XCBuildConfiguration;
			buildSettings = {
				ALWAYS_SEARCH_USER_PATHS = NO;
				CLANG_ANALYZER_NONNULL = YES;
				CLANG_ANALYZER_NUMBER_OBJECT_CONVERSION = YES_AGGRESSIVE;
				CLANG_CXX_LANGUAGE_STANDARD = "gnu++20";
				CLANG_ENABLE_MODULES = YES;
				CLANG_ENABLE_OBJC_ARC = YES;
				CLANG_ENABLE_OBJC_WEAK = YES;
				CLANG_WARN_BLOCK_CAPTURE_AUTORELEASING = YES;
				CLANG_WARN_BOOL_CONVERSION = YES;
				CLANG_WARN_COMMA = YES;
				CLANG_WARN_CONSTANT_CONVERSION = YES;
				CLANG_WARN_DEPRECATED_OBJC_IMPLEMENTATIONS = YES;
				CLANG_WARN_DIRECT_OBJC_ISA_USAGE = YES_ERROR;
				CLANG_WARN_DOCUMENTATION_COMMENTS = YES;
				CLANG_WARN_EMPTY_BODY = YES;
				CLANG_WARN_ENUM_CONVERSION = YES;
				CLANG_WARN_INFINITE_RECURSION = YES;
				CLANG_WARN_INT_CONVERSION = YES;
				CLANG_WARN_NON_LITERAL_NULL_CONVERSION = YES;
				CLANG_WARN_OBJC_IMPLICIT_RETAIN_SELF = YES;
				CLANG_WARN_OBJC_LITERAL_CONVERSION = YES;
				CLANG_WARN_OBJC_ROOT_CLASS = YES_ERROR;
				CLANG_WARN_QUOTED_INCLUDE_IN_FRAMEWORK_HEADER = YES;
				CLANG_WARN_RANGE_LOOP_ANALYSIS = YES;
				CLANG_WARN_STRICT_PROTOTYPES = YES;
				CLANG_WARN_SUSPICIOUS_MOVE = YES;
				CLANG_WARN_UNGUARDED_AVAILABILITY = YES_AGGRESSIVE;
				CLANG_WARN_UNREACHABLE_CODE = YES;
				CLANG_WARN__DUPLICATE_METHOD_MATCH = YES;
				COPY_PHASE_STRIP = NO;
				DEBUG_INFORMATION_FORMAT = "dwarf-with-dsym";
				ENABLE_NS_ASSERTIONS = NO;
				ENABLE_STRICT_OBJC_MSGSEND = YES;
				GCC_C_LANGUAGE_STANDARD = gnu11;
				GCC_NO_COMMON_BLOCKS = YES;
				GCC_WARN_64_TO_32_BIT_CONVERSION = YES;
				GCC_WARN_ABOUT_RETURN_TYPE = YES_ERROR;
				GCC_WARN_UNDECLARED_SELECTOR = YES;
				GCC_WARN_UNINITIALIZED_AUTOS = YES_AGGRESSIVE;
				GCC_WARN_UNUSED_FUNCTION = YES;
				GCC_WARN_UNUSED_VARIABLE = YES;
				IPHONEOS_DEPLOYMENT_TARGET = 16.1;
				MTL_ENABLE_DEBUG_INFO = NO;
				MTL_FAST_MATH = YES;
				SDKROOT = iphoneos;
				SWIFT_COMPILATION_MODE = wholemodule;
				SWIFT_OPTIMIZATION_LEVEL = "-O";
				VALIDATE_PRODUCT = YES;
			};
			name = Release;
		};
		2F8BE6C6298A510000FB6222 /* Debug */ = {
			isa = XCBuildConfiguration;
			buildSettings = {
				ASSETCATALOG_COMPILER_APPICON_NAME = AppIcon;
				ASSETCATALOG_COMPILER_GLOBAL_ACCENT_COLOR_NAME = AccentColor;
				CODE_SIGN_STYLE = Automatic;
				CURRENT_PROJECT_VERSION = 1;
				DEVELOPMENT_TEAM = QU59G69L84;
				GENERATE_INFOPLIST_FILE = YES;
				INFOPLIST_FILE = testLumos/Info.plist;
				INFOPLIST_KEY_UIApplicationSupportsIndirectInputEvents = YES;
				INFOPLIST_KEY_UILaunchStoryboardName = LaunchScreen;
				INFOPLIST_KEY_UISupportedInterfaceOrientations_iPad = "UIInterfaceOrientationPortrait UIInterfaceOrientationPortraitUpsideDown UIInterfaceOrientationLandscapeLeft UIInterfaceOrientationLandscapeRight";
				INFOPLIST_KEY_UISupportedInterfaceOrientations_iPhone = "UIInterfaceOrientationPortrait UIInterfaceOrientationLandscapeLeft UIInterfaceOrientationLandscapeRight";
				LD_RUNPATH_SEARCH_PATHS = (
					"$(inherited)",
					"@executable_path/Frameworks",
				);
				MARKETING_VERSION = 1.0;
				PRODUCT_BUNDLE_IDENTIFIER = self.testLumos;
				PRODUCT_NAME = "$(TARGET_NAME)";
				SWIFT_EMIT_LOC_STRINGS = YES;
				SWIFT_VERSION = 5.0;
				TARGETED_DEVICE_FAMILY = "1,2";
			};
			name = Debug;
		};
		2F8BE6C7298A510000FB6222 /* Release */ = {
			isa = XCBuildConfiguration;
			buildSettings = {
				ASSETCATALOG_COMPILER_APPICON_NAME = AppIcon;
				ASSETCATALOG_COMPILER_GLOBAL_ACCENT_COLOR_NAME = AccentColor;
				CODE_SIGN_STYLE = Automatic;
				CURRENT_PROJECT_VERSION = 1;
				DEVELOPMENT_TEAM = QU59G69L84;
				GENERATE_INFOPLIST_FILE = YES;
				INFOPLIST_FILE = testLumos/Info.plist;
				INFOPLIST_KEY_UIApplicationSupportsIndirectInputEvents = YES;
				INFOPLIST_KEY_UILaunchStoryboardName = LaunchScreen;
				INFOPLIST_KEY_UISupportedInterfaceOrientations_iPad = "UIInterfaceOrientationPortrait UIInterfaceOrientationPortraitUpsideDown UIInterfaceOrientationLandscapeLeft UIInterfaceOrientationLandscapeRight";
				INFOPLIST_KEY_UISupportedInterfaceOrientations_iPhone = "UIInterfaceOrientationPortrait UIInterfaceOrientationLandscapeLeft UIInterfaceOrientationLandscapeRight";
				LD_RUNPATH_SEARCH_PATHS = (
					"$(inherited)",
					"@executable_path/Frameworks",
				);
				MARKETING_VERSION = 1.0;
				PRODUCT_BUNDLE_IDENTIFIER = self.testLumos;
				PRODUCT_NAME = "$(TARGET_NAME)";
				SWIFT_EMIT_LOC_STRINGS = YES;
				SWIFT_VERSION = 5.0;
				TARGETED_DEVICE_FAMILY = "1,2";
			};
			name = Release;
		};
/* End XCBuildConfiguration section */

/* Begin XCConfigurationList section */
		2F8BE6AC298A50FF00FB6222 /* Build configuration list for PBXProject "testLumos" */ = {
			isa = XCConfigurationList;
			buildConfigurations = (
				2F8BE6C3298A510000FB6222 /* Debug */,
				2F8BE6C4298A510000FB6222 /* Release */,
			);
			defaultConfigurationIsVisible = 0;
			defaultConfigurationName = Release;
		};
		2F8BE6C5298A510000FB6222 /* Build configuration list for PBXNativeTarget "testLumos" */ = {
			isa = XCConfigurationList;
			buildConfigurations = (
				2F8BE6C6298A510000FB6222 /* Debug */,
				2F8BE6C7298A510000FB6222 /* Release */,
			);
			defaultConfigurationIsVisible = 0;
			defaultConfigurationName = Release;
		};
/* End XCConfigurationList section */
	};
	rootObject = 2F8BE6A9298A50FF00FB6222 /* Project object */;
}
